
Microsoft Visual Studio Solution File, Format Version 12.00
# Visual Studio Version 17
VisualStudioVersion = 17.5.33627.172
MinimumVisualStudioVersion = 10.0.40219.1
Project("{FAE04EC0-301F-11D3-BF4B-00C04F79EFBC}") = "Basket.Api", "Basket.Api\Basket.Api.csproj", "{7485911C-3AEA-4318-A772-74A1D07A8919}"
EndProject
Project("{FAE04EC0-301F-11D3-BF4B-00C04F79EFBC}") = "Impact.Core", "Impact.Core\Impact.Core.csproj", "{86EB15FB-388F-4994-BAC2-5754E5A5C7A5}"
EndProject
Project("{FAE04EC0-301F-11D3-BF4B-00C04F79EFBC}") = "Basket", "Basket\Basket.csproj", "{C50D018B-CD68-4269-95EF-27CDB3E3DD91}"
EndProject
Global
	GlobalSection(SolutionConfigurationPlatforms) = preSolution
		Debug|Any CPU = Debug|Any CPU
		Release|Any CPU = Release|Any CPU
	EndGlobalSection
	GlobalSection(ProjectConfigurationPlatforms) = postSolution
		{7485911C-3AEA-4318-A772-74A1D07A8919}.Debug|Any CPU.ActiveCfg = Debug|Any CPU
		{7485911C-3AEA-4318-A772-74A1D07A8919}.Debug|Any CPU.Build.0 = Debug|Any CPU
		{7485911C-3AEA-4318-A772-74A1D07A8919}.Release|Any CPU.ActiveCfg = Release|Any CPU
		{7485911C-3AEA-4318-A772-74A1D07A8919}.Release|Any CPU.Build.0 = Release|Any CPU
		{86EB15FB-388F-4994-BAC2-5754E5A5C7A5}.Debug|Any CPU.ActiveCfg = Debug|Any CPU
		{86EB15FB-388F-4994-BAC2-5754E5A5C7A5}.Debug|Any CPU.Build.0 = Debug|Any CPU
		{86EB15FB-388F-4994-BAC2-5754E5A5C7A5}.Release|Any CPU.ActiveCfg = Release|Any CPU
		{86EB15FB-388F-4994-BAC2-5754E5A5C7A5}.Release|Any CPU.Build.0 = Release|Any CPU
		{C50D018B-CD68-4269-95EF-27CDB3E3DD91}.Debug|Any CPU.ActiveCfg = Debug|Any CPU
		{C50D018B-CD68-4269-95EF-27CDB3E3DD91}.Debug|Any CPU.Build.0 = Debug|Any CPU
		{C50D018B-CD68-4269-95EF-27CDB3E3DD91}.Release|Any CPU.ActiveCfg = Release|Any CPU
		{C50D018B-CD68-4269-95EF-27CDB3E3DD91}.Release|Any CPU.Build.0 = Release|Any CPU
	EndGlobalSection
	GlobalSection(SolutionProperties) = preSolution
		HideSolutionNode = FALSE
	EndGlobalSection
	GlobalSection(ExtensibilityGlobals) = postSolution
		SolutionGuid = {43ABC610-CA4B-45AF-9B25-25004F1449FF}
	EndGlobalSection
EndGlobal
